{
  "name": "stress-lyric-workshop",
  "lockfileVersion": 3,
  "requires": true,
  "packages": {
    "": {
      "name": "stress-lyric-workshop",
      "dependencies": {
        "@vercel/analytics": "^2.0.1",
        "cmu-pronouncing-dictionary": "^3.0.0",
        "stress_scansion_core": "file:./packages/stress_scansion_core",
        "wink-eng-lite-web-model": "^1.8.1",
        "wink-nlp": "^2.4.0",
        "wordnet-db": "^3.1.14"
      }
    },
    "node_modules/@vercel/analytics": {
      "version": "2.0.1",
      "resolved": "https://registry.npmjs.org/@vercel/analytics/-/analytics-2.0.1.tgz",
      "integrity": "sha512-MTQG6V9qQrt1tsDeF+2Uoo5aPjqbVPys1xvnIftXSJYG2SrwXRHnqEvVoYID7BTruDz4lCd2Z7rM1BdkUehk2g==",
      "license": "MIT",
      "peerDependencies": {
        "@remix-run/react": "^2",
        "@sveltejs/kit": "^1 || ^2",
        "next": ">= 13",
        "nuxt": ">= 3",
        "react": "^18 || ^19 || ^19.0.0-rc",
        "svelte": ">= 4",
        "vue": "^3",
        "vue-router": "^4"
      },
      "peerDependenciesMeta": {
        "@remix-run/react": {
          "optional": true
        },
        "@sveltejs/kit": {
          "optional": true
        },
        "next": {
          "optional": true
        },
        "nuxt": {
          "optional": true
        },
        "react": {
          "optional": true
        },
        "svelte": {
          "optional": true
        },
        "vue": {
          "optional": true
        },
        "vue-router": {
          "optional": true
        }
      }
    },
    "node_modules/cmu-pronouncing-dictionary": {
      "version": "3.0.0",
      "resolved": "https://registry.npmjs.org/cmu-pronouncing-dictionary/-/cmu-pronouncing-dictionary-3.0.0.tgz",
      "integrity": "sha512-6y5X4OxsYFnHERo6WSVPnLrk53G07MOQ8aUb2z555JgwynpbZsHR0a//WdN6DUcmE1j2auTF2TtL4PpoKze8QQ==",
      "license": "ISC"
    },
    "node_modules/stress_scansion_core": {
      "resolved": "packages/stress_scansion_core",
      "link": true
    },
    "node_modules/wink-eng-lite-web-model": {
      "version": "1.8.1",
      "resolved": "https://registry.npmjs.org/wink-eng-lite-web-model/-/wink-eng-lite-web-model-1.8.1.tgz",
      "integrity": "sha512-M2tSOU/rVNkDj8AS8IoKJaM7apJJjS0cN+hE8CPazfnB4A/ojyc9+7RMPk18UOiIdSyWk7MR6w8z9lWix2l5tA==",
      "license": "MIT",
      "engines": {
        "node": ">=16.0.0"
      }
    },
    "node_modules/wink-nlp": {
      "version": "2.4.0",
      "resolved": "https://registry.npmjs.org/wink-nlp/-/wink-nlp-2.4.0.tgz",
      "integrity": "sha512-d02inlNJL0LLNTLoYfkxZYGrqnYDSZV4HI4WpeuyIEfpu7UcUqUW1ZYWr+JTFm4ZR6dQdzOW/FtHEQRO+o/zzA==",
      "license": "MIT"
    },
    "node_modules/wordnet-db": {
      "version": "3.1.14",
      "resolved": "https://registry.npmjs.org/wordnet-db/-/wordnet-db-3.1.14.tgz",
      "integrity": "sha512-zVyFsvE+mq9MCmwXUWHIcpfbrHHClZWZiVOzKSxNJruIcFn2RbY55zkhiAMMxM8zCVSmtNiViq8FsAZSFpMYag==",
      "license": "MIT",
      "engines": {
        "node": ">=0.6.0"
      }
    },
    "packages/stress_scansion_core": {
      "version": "0.1.0",
      "dependencies": {
        "cmu-pronouncing-dictionary": "^3.0.0"
      }
    }
  }
}
